
Microsoft Visual Studio Solution File, Format Version 12.00
# Visual Studio Version 16
VisualStudioVersion = 16.0.29905.134
MinimumVisualStudioVersion = 10.0.40219.1
Project("{9A19103F-16F7-4668-BE54-9A1E7A4F7556}") = "Tron.Server", "Tron.Server\Tron.Server.csproj", "{E58A64AC-6F9C-43A6-B0DB-3BA740881B84}"
EndProject
Project("{2150E333-8FDC-42A3-9474-1A3956D46DE8}") = "Protocol", "Protocol", "{CE49B5A5-69D1-4CC3-BBDC-60A7B8CD986D}"
	ProjectSection(SolutionItems) = preProject
		Protocol\Acknowledge.proto = Protocol\Acknowledge.proto
		Protocol\Chat.proto = Protocol\Chat.proto
		Protocol\Common.proto = Protocol\Common.proto
		Protocol\Configure.proto = Protocol\Configure.proto
		Protocol\Connect.proto = Protocol\Connect.proto
		Protocol\Error.proto = Protocol\Error.proto
		Protocol\Event.proto = Protocol\Event.proto
		Protocol\Ready.proto = Protocol\Ready.proto
		Protocol\Start.proto = Protocol\Start.proto
		Protocol\Tick.proto = Protocol\Tick.proto
	EndProjectSection
EndProject
Project("{FAE04EC0-301F-11D3-BF4B-00C04F79EFBC}") = "Tron.Protocol", "Tron.Protocol\Tron.Protocol.csproj", "{B71959DB-F90F-4935-82A8-E9BB789735AA}"
EndProject
Global
	GlobalSection(SolutionConfigurationPlatforms) = preSolution
		Debug|Any CPU = Debug|Any CPU
		Release|Any CPU = Release|Any CPU
	EndGlobalSection
	GlobalSection(ProjectConfigurationPlatforms) = postSolution
		{E58A64AC-6F9C-43A6-B0DB-3BA740881B84}.Debug|Any CPU.ActiveCfg = Debug|Any CPU
		{E58A64AC-6F9C-43A6-B0DB-3BA740881B84}.Debug|Any CPU.Build.0 = Debug|Any CPU
		{E58A64AC-6F9C-43A6-B0DB-3BA740881B84}.Release|Any CPU.ActiveCfg = Release|Any CPU
		{E58A64AC-6F9C-43A6-B0DB-3BA740881B84}.Release|Any CPU.Build.0 = Release|Any CPU
		{B71959DB-F90F-4935-82A8-E9BB789735AA}.Debug|Any CPU.ActiveCfg = Debug|Any CPU
		{B71959DB-F90F-4935-82A8-E9BB789735AA}.Debug|Any CPU.Build.0 = Debug|Any CPU
		{B71959DB-F90F-4935-82A8-E9BB789735AA}.Release|Any CPU.ActiveCfg = Release|Any CPU
		{B71959DB-F90F-4935-82A8-E9BB789735AA}.Release|Any CPU.Build.0 = Release|Any CPU
	EndGlobalSection
	GlobalSection(SolutionProperties) = preSolution
		HideSolutionNode = FALSE
	EndGlobalSection
	GlobalSection(ExtensibilityGlobals) = postSolution
		SolutionGuid = {CB459732-5315-4D7B-BEDD-0957387D050A}
	EndGlobalSection
EndGlobal
